
Microsoft Visual Studio Solution File, Format Version 12.00
# Visual Studio Version 17
VisualStudioVersion = 17.1.31911.260
MinimumVisualStudioVersion = 10.0.40219.1
Project("{2150E333-8FDC-42A3-9474-1A3956D46DE8}") = "Services", "Services", "{6AA6550E-9AF4-4666-AD49-329C303AF8A1}"
EndProject
Project("{2150E333-8FDC-42A3-9474-1A3956D46DE8}") = "Catalog", "Catalog", "{A48A0912-1708-459B-9306-7CD09F0A7961}"
EndProject
Project("{9A19103F-16F7-4668-BE54-9A1E7A4F7556}") = "Catalog.API", "Services\Catalog\Catalog.API\Catalog.API.csproj", "{0F87BAD7-3A76-4697-9EB0-F0C8AD846B4E}"
EndProject
Project("{E53339B2-1760-4266-BCC7-CA923CBCF16C}") = "docker-compose", "docker-compose.dcproj", "{A5D16370-866B-4C5D-816A-25323E413AD5}"
EndProject
Project("{2150E333-8FDC-42A3-9474-1A3956D46DE8}") = "Basket", "Basket", "{73CEEC0A-F0E5-4394-BB41-4F6620F32883}"
EndProject
Project("{9A19103F-16F7-4668-BE54-9A1E7A4F7556}") = "Basket.API", "Services\Basket\Basket.API\Basket.API.csproj", "{F5A5FF76-A9EE-49FA-A75B-965675F7076E}"
EndProject
Project("{2150E333-8FDC-42A3-9474-1A3956D46DE8}") = "Discount", "Discount", "{126E8F88-A843-42C3-97F2-594F28EFA527}"
EndProject
Project("{FAE04EC0-301F-11D3-BF4B-00C04F79EFBC}") = "Discount.API", "Services\Discount\Discount.API\Discount.API.csproj", "{0C6CC9C7-6414-4870-B4C8-CAE01F115D9A}"
EndProject
Global
	GlobalSection(SolutionConfigurationPlatforms) = preSolution
		Debug|Any CPU = Debug|Any CPU
		Release|Any CPU = Release|Any CPU
	EndGlobalSection
	GlobalSection(ProjectConfigurationPlatforms) = postSolution
		{0F87BAD7-3A76-4697-9EB0-F0C8AD846B4E}.Debug|Any CPU.ActiveCfg = Debug|Any CPU
		{0F87BAD7-3A76-4697-9EB0-F0C8AD846B4E}.Debug|Any CPU.Build.0 = Debug|Any CPU
		{0F87BAD7-3A76-4697-9EB0-F0C8AD846B4E}.Release|Any CPU.ActiveCfg = Release|Any CPU
		{0F87BAD7-3A76-4697-9EB0-F0C8AD846B4E}.Release|Any CPU.Build.0 = Release|Any CPU
		{A5D16370-866B-4C5D-816A-25323E413AD5}.Debug|Any CPU.ActiveCfg = Debug|Any CPU
		{A5D16370-866B-4C5D-816A-25323E413AD5}.Debug|Any CPU.Build.0 = Debug|Any CPU
		{A5D16370-866B-4C5D-816A-25323E413AD5}.Release|Any CPU.ActiveCfg = Release|Any CPU
		{A5D16370-866B-4C5D-816A-25323E413AD5}.Release|Any CPU.Build.0 = Release|Any CPU
		{F5A5FF76-A9EE-49FA-A75B-965675F7076E}.Debug|Any CPU.ActiveCfg = Debug|Any CPU
		{F5A5FF76-A9EE-49FA-A75B-965675F7076E}.Debug|Any CPU.Build.0 = Debug|Any CPU
		{F5A5FF76-A9EE-49FA-A75B-965675F7076E}.Release|Any CPU.ActiveCfg = Release|Any CPU
		{F5A5FF76-A9EE-49FA-A75B-965675F7076E}.Release|Any CPU.Build.0 = Release|Any CPU
		{0C6CC9C7-6414-4870-B4C8-CAE01F115D9A}.Debug|Any CPU.ActiveCfg = Debug|Any CPU
		{0C6CC9C7-6414-4870-B4C8-CAE01F115D9A}.Debug|Any CPU.Build.0 = Debug|Any CPU
		{0C6CC9C7-6414-4870-B4C8-CAE01F115D9A}.Release|Any CPU.ActiveCfg = Release|Any CPU
		{0C6CC9C7-6414-4870-B4C8-CAE01F115D9A}.Release|Any CPU.Build.0 = Release|Any CPU
	EndGlobalSection
	GlobalSection(SolutionProperties) = preSolution
		HideSolutionNode = FALSE
	EndGlobalSection
	GlobalSection(NestedProjects) = preSolution
		{A48A0912-1708-459B-9306-7CD09F0A7961} = {6AA6550E-9AF4-4666-AD49-329C303AF8A1}
		{0F87BAD7-3A76-4697-9EB0-F0C8AD846B4E} = {A48A0912-1708-459B-9306-7CD09F0A7961}
		{73CEEC0A-F0E5-4394-BB41-4F6620F32883} = {6AA6550E-9AF4-4666-AD49-329C303AF8A1}
		{F5A5FF76-A9EE-49FA-A75B-965675F7076E} = {73CEEC0A-F0E5-4394-BB41-4F6620F32883}
		{126E8F88-A843-42C3-97F2-594F28EFA527} = {6AA6550E-9AF4-4666-AD49-329C303AF8A1}
		{0C6CC9C7-6414-4870-B4C8-CAE01F115D9A} = {126E8F88-A843-42C3-97F2-594F28EFA527}
	EndGlobalSection
	GlobalSection(ExtensibilityGlobals) = postSolution
		SolutionGuid = {CDF98370-C6AF-4266-BDFF-6F17871D8BB3}
	EndGlobalSection
EndGlobal
